
Microsoft Visual Studio Solution File, Format Version 12.00
# Visual Studio 15
VisualStudioVersion = 15.0.28307.136
MinimumVisualStudioVersion = 10.0.40219.1
Project("{888888A0-9F3D-457C-B088-3A5042F75D52}") = "TowerOfSaviorsAutoRun_Python", "TowerOfSaviorsAutoRun_Python\TowerOfSaviorsAutoRun_Python.pyproj", "{8FD6684B-5ECD-4B31-A0DA-F5E8E64500C0}"
EndProject
Global
	GlobalSection(SolutionConfigurationPlatforms) = preSolution
		Debug|Any CPU = Debug|Any CPU
		Release|Any CPU = Release|Any CPU
	EndGlobalSection
	GlobalSection(ProjectConfigurationPlatforms) = postSolution
		{8FD6684B-5ECD-4B31-A0DA-F5E8E64500C0}.Debug|Any CPU.ActiveCfg = Debug|Any CPU
		{8FD6684B-5ECD-4B31-A0DA-F5E8E64500C0}.Release|Any CPU.ActiveCfg = Release|Any CPU
	EndGlobalSection
	GlobalSection(SolutionProperties) = preSolution
		HideSolutionNode = FALSE
	EndGlobalSection
	GlobalSection(ExtensibilityGlobals) = postSolution
		SolutionGuid = {84CBCCCE-BACB-4DD3-AB78-5C6AB290246D}
	EndGlobalSection
EndGlobal
